// !$*UTF8*$!
{
	archiveVersion = 1;
	classes = {
	};
	objectVersion = 48;
	objects = {

/* Begin PBXBuildFile section */
		521A32A91F9C0B080035C4B3 /* main.c in Sources */ = {isa = PBXBuildFile; fileRef = 521A32A81F9C0B080035C4B3 /* main.c */; };
		521A32B51F9C0E9D0035C4B3 /* GameWindow.c in Sources */ = {isa = PBXBuildFile; fileRef = 521A32B31F9C0E9D0035C4B3 /* GameWindow.c */; };
/* End PBXBuildFile section */

/* Begin PBXCopyFilesBuildPhase section */
		521A32A31F9C0B080035C4B3 /* CopyFiles */ = {
			isa = PBXCopyFilesBuildPhase;
			buildActionMask = 2147483647;
			dstPath = /usr/share/man/man1/;
			dstSubfolderSpec = 0;
			files = (
			);
			runOnlyForDeploymentPostprocessing = 1;
		};
/* End PBXCopyFilesBuildPhase section */

/* Begin PBXFileReference section */
		521A32A51F9C0B080035C4B3 /* practiceGL2 */ = {isa = PBXFileReference; explicitFileType = "compiled.mach-o.executable"; includeInIndex = 0; path = practiceGL2; sourceTree = BUILT_PRODUCTS_DIR; };
		521A32A81F9C0B080035C4B3 /* main.c */ = {isa = PBXFileReference; lastKnownFileType = sourcecode.c.c; path = main.c; sourceTree = "<group>"; };
		521A32B01F9C0B3B0035C4B3 /* GLUT.framework */ = {isa = PBXFileReference; lastKnownFileType = wrapper.framework; name = GLUT.framework; path = System/Library/Frameworks/GLUT.framework; sourceTree = SDKROOT; };
		521A32B21F9C0B8C0035C4B3 /* testA.bmp */ = {isa = PBXFileReference; lastKnownFileType = image.bmp; path = testA.bmp; sourceTree = "<group>"; };
		521A32B31F9C0E9D0035C4B3 /* GameWindow.c */ = {isa = PBXFileReference; lastKnownFileType = sourcecode.c.c; path = GameWindow.c; sourceTree = "<group>"; };
		521A32B41F9C0E9D0035C4B3 /* GameWindow.h */ = {isa = PBXFileReference; lastKnownFileType = sourcecode.c.h; path = GameWindow.h; sourceTree = "<group>"; };
/* End PBXFileReference section */

/* Begin PBXFrameworksBuildPhase section */
		521A32A21F9C0B080035C4B3 /* Frameworks */ = {
			isa = PBXFrameworksBuildPhase;
			buildActionMask = 2147483647;
			files = (
			);
			runOnlyForDeploymentPostprocessing = 0;
		};
/* End PBXFrameworksBuildPhase section */

/* Begin PBXGroup section */
		521A329C1F9C0B080035C4B3 = {
			isa = PBXGroup;
			children = (
				521A32B11F9C0B450035C4B3 /* Resources */,
				521A32A71F9C0B080035C4B3 /* practiceGL2 */,
				521A32A61F9C0B080035C4B3 /* Products */,
				521A32AF1F9C0B3B0035C4B3 /* Frameworks */,
			);
			sourceTree = "<group>";
		};
		521A32A61F9C0B080035C4B3 /* Products */ = {
			isa = PBXGroup;
			children = (
				521A32A51F9C0B080035C4B3 /* practiceGL2 */,
			);
			name = Products;
			sourceTree = "<group>";
		};
		521A32A71F9C0B080035C4B3 /* practiceGL2 */ = {
			isa = PBXGroup;
			children = (
				521A32A81F9C0B080035C4B3 /* main.c */,
				521A32B31F9C0E9D0035C4B3 /* GameWindow.c */,
				521A32B41F9C0E9D0035C4B3 /* GameWindow.h */,
			);
			path = practiceGL2;
			sourceTree = "<group>";
		};
		521A32AF1F9C0B3B0035C4B3 /* Frameworks */ = {
			isa = PBXGroup;
			children = (
				521A32B01F9C0B3B0035C4B3 /* GLUT.framework */,
			);
			name = Frameworks;
			sourceTree = "<group>";
		};
		521A32B11F9C0B450035C4B3 /* Resources */ = {
			isa = PBXGroup;
			children = (
				521A32B21F9C0B8C0035C4B3 /* testA.bmp */,
			);
			path = Resources;
			sourceTree = "<group>";
		};
/* End PBXGroup section */

/* Begin PBXNativeTarget section */
		521A32A41F9C0B080035C4B3 /* practiceGL2 */ = {
			isa = PBXNativeTarget;
			buildConfigurationList = 521A32AC1F9C0B080035C4B3 /* Build configuration list for PBXNativeTarget "practiceGL2" */;
			buildPhases = (
				521A32A11F9C0B080035C4B3 /* Sources */,
				521A32A21F9C0B080035C4B3 /* Frameworks */,
				521A32A31F9C0B080035C4B3 /* CopyFiles */,
			);
			buildRules = (
			);
			dependencies = (
			);
			name = practiceGL2;
			productName = practiceGL2;
			productReference = 521A32A51F9C0B080035C4B3 /* practiceGL2 */;
			productType = "com.apple.product-type.tool";
		};
/* End PBXNativeTarget section */

/* Begin PBXProject section */
		521A329D1F9C0B080035C4B3 /* Project object */ = {
			isa = PBXProject;
			attributes = {
				LastUpgradeCheck = 0900;
				ORGANIZATIONNAME = "Adenike Adeyemi";
				TargetAttributes = {
					521A32A41F9C0B080035C4B3 = {
						CreatedOnToolsVersion = 9.0.1;
						ProvisioningStyle = Automatic;
					};
				};
			};
			buildConfigurationList = 521A32A01F9C0B080035C4B3 /* Build configuration list for PBXProject "practiceGL2" */;
			compatibilityVersion = "Xcode 8.0";
			developmentRegion = en;
			hasScannedForEncodings = 0;
			knownRegions = (
				en,
			);
			mainGroup = 521A329C1F9C0B080035C4B3;
			productRefGroup = 521A32A61F9C0B080035C4B3 /* Products */;
			projectDirPath = "";
			projectRoot = "";
			targets = (
				521A32A41F9C0B080035C4B3 /* practiceGL2 */,
			);
		};
/* End PBXProject section */

/* Begin PBXSourcesBuildPhase section */
		521A32A11F9C0B080035C4B3 /* Sources */ = {
			isa = PBXSourcesBuildPhase;
			buildActionMask = 2147483647;
			files = (
				521A32A91F9C0B080035C4B3 /* main.c in Sources */,
				521A32B51F9C0E9D0035C4B3 /* GameWindow.c in Sources */,
			);
			runOnlyForDeploymentPostprocessing = 0;
		};
/* End PBXSourcesBuildPhase section */

/* Begin XCBuildConfiguration section */
		521A32AA1F9C0B080035C4B3 /* Debug */ = {
			isa = XCBuildConfiguration;
			buildSettings = {
				ALWAYS_SEARCH_USER_PATHS = NO;
				CLANG_ANALYZER_NONNULL = YES;
				CLANG_ANALYZER_NUMBER_OBJECT_CONVERSION = YES_AGGRESSIVE;
				CLANG_CXX_LANGUAGE_STANDARD = "gnu++14";
				CLANG_CXX_LIBRARY = "libc++";
				CLANG_ENABLE_MODULES = YES;
				CLANG_ENABLE_OBJC_ARC = YES;
				CLANG_WARN_BLOCK_CAPTURE_AUTORELEASING = YES;
				CLANG_WARN_BOOL_CONVERSION = YES;
				CLANG_WARN_COMMA = YES;
				CLANG_WARN_CONSTANT_CONVERSION = YES;
				CLANG_WARN_DIRECT_OBJC_ISA_USAGE = YES_ERROR;
				CLANG_WARN_DOCUMENTATION_COMMENTS = YES;
				CLANG_WARN_EMPTY_BODY = YES;
				CLANG_WARN_ENUM_CONVERSION = YES;
				CLANG_WARN_INFINITE_RECURSION = YES;
				CLANG_WARN_INT_CONVERSION = YES;
				CLANG_WARN_NON_LITERAL_NULL_CONVERSION = YES;
				CLANG_WARN_OBJC_LITERAL_CONVERSION = YES;
				CLANG_WARN_OBJC_ROOT_CLASS = YES_ERROR;
				CLANG_WARN_RANGE_LOOP_ANALYSIS = YES;
				CLANG_WARN_STRICT_PROTOTYPES = YES;
				CLANG_WARN_SUSPICIOUS_MOVE = YES;
				CLANG_WARN_UNGUARDED_AVAILABILITY = YES_AGGRESSIVE;
				CLANG_WARN_UNREACHABLE_CODE = YES;
				CLANG_WARN__DUPLICATE_METHOD_MATCH = YES;
				CODE_SIGN_IDENTITY = "-";
				COPY_PHASE_STRIP = NO;
				DEBUG_INFORMATION_FORMAT = dwarf;
				ENABLE_STRICT_OBJC_MSGSEND = YES;
				ENABLE_TESTABILITY = YES;
				GCC_C_LANGUAGE_STANDARD = gnu11;
				GCC_DYNAMIC_NO_PIC = NO;
				GCC_NO_COMMON_BLOCKS = YES;
				GCC_OPTIMIZATION_LEVEL = 0;
				GCC_PREPROCESSOR_DEFINITIONS = (
					"DEBUG=1",
					"$(inherited)",
				);
				GCC_WARN_64_TO_32_BIT_CONVERSION = YES;
				GCC_WARN_ABOUT_RETURN_TYPE = YES_ERROR;
				GCC_WARN_UNDECLARED_SELECTOR = YES;
				GCC_WARN_UNINITIALIZED_AUTOS = YES_AGGRESSIVE;
				GCC_WARN_UNUSED_FUNCTION = YES;
				GCC_WARN_UNUSED_VARIABLE = YES;
				MACOSX_DEPLOYMENT_TARGET = 10.12;
				MTL_ENABLE_DEBUG_INFO = YES;
				ONLY_ACTIVE_ARCH = YES;
				SDKROOT = macosx;
			};
			name = Debug;
		};
		521A32AB1F9C0B080035C4B3 /* Release */ = {
			isa = XCBuildConfiguration;
			buildSettings = {
				ALWAYS_SEARCH_USER_PATHS = NO;
				CLANG_ANALYZER_NONNULL = YES;
				CLANG_ANALYZER_NUMBER_OBJECT_CONVERSION = YES_AGGRESSIVE;
				CLANG_CXX_LANGUAGE_STANDARD = "gnu++14";
				CLANG_CXX_LIBRARY = "libc++";
				CLANG_ENABLE_MODULES = YES;
				CLANG_ENABLE_OBJC_ARC = YES;
				CLANG_WARN_BLOCK_CAPTURE_AUTORELEASING = YES;
				CLANG_WARN_BOOL_CONVERSION = YES;
				CLANG_WARN_COMMA = YES;
				CLANG_WARN_CONSTANT_CONVERSION = YES;
				CLANG_WARN_DIRECT_OBJC_ISA_USAGE = YES_ERROR;
				CLANG_WARN_DOCUMENTATION_COMMENTS = YES;
				CLANG_WARN_EMPTY_BODY = YES;
				CLANG_WARN_ENUM_CONVERSION = YES;
				CLANG_WARN_INFINITE_RECURSION = YES;
				CLANG_WARN_INT_CONVERSION = YES;
				CLANG_WARN_NON_LITERAL_NULL_CONVERSION = YES;
				CLANG_WARN_OBJC_LITERAL_CONVERSION = YES;
				CLANG_WARN_OBJC_ROOT_CLASS = YES_ERROR;
				CLANG_WARN_RANGE_LOOP_ANALYSIS = YES;
				CLANG_WARN_STRICT_PROTOTYPES = YES;
				CLANG_WARN_SUSPICIOUS_MOVE = YES;
				CLANG_WARN_UNGUARDED_AVAILABILITY = YES_AGGRESSIVE;
				CLANG_WARN_UNREACHABLE_CODE = YES;
				CLANG_WARN__DUPLICATE_METHOD_MATCH = YES;
				CODE_SIGN_IDENTITY = "-";
				COPY_PHASE_STRIP = NO;
				DEBUG_INFORMATION_FORMAT = "dwarf-with-dsym";
				ENABLE_NS_ASSERTIONS = NO;
				ENABLE_STRICT_OBJC_MSGSEND = YES;
				GCC_C_LANGUAGE_STANDARD = gnu11;
				GCC_NO_COMMON_BLOCKS = YES;
				GCC_WARN_64_TO_32_BIT_CONVERSION = YES;
				GCC_WARN_ABOUT_RETURN_TYPE = YES_ERROR;
				GCC_WARN_UNDECLARED_SELECTOR = YES;
				GCC_WARN_UNINITIALIZED_AUTOS = YES_AGGRESSIVE;
				GCC_WARN_UNUSED_FUNCTION = YES;
				GCC_WARN_UNUSED_VARIABLE = YES;
				MACOSX_DEPLOYMENT_TARGET = 10.12;
				MTL_ENABLE_DEBUG_INFO = NO;
				SDKROOT = macosx;
			};
			name = Release;
		};
		521A32AD1F9C0B080035C4B3 /* Debug */ = {
			isa = XCBuildConfiguration;
			buildSettings = {
				CODE_SIGN_STYLE = Automatic;
				PRODUCT_NAME = "$(TARGET_NAME)";
			};
			name = Debug;
		};
		521A32AE1F9C0B080035C4B3 /* Release */ = {
			isa = XCBuildConfiguration;
			buildSettings = {
				CODE_SIGN_STYLE = Automatic;
				PRODUCT_NAME = "$(TARGET_NAME)";
			};
			name = Release;
		};
/* End XCBuildConfiguration section */

/* Begin XCConfigurationList section */
		521A32A01F9C0B080035C4B3 /* Build configuration list for PBXProject "practiceGL2" */ = {
			isa = XCConfigurationList;
			buildConfigurations = (
				521A32AA1F9C0B080035C4B3 /* Debug */,
				521A32AB1F9C0B080035C4B3 /* Release */,
			);
			defaultConfigurationIsVisible = 0;
			defaultConfigurationName = Release;
		};
		521A32AC1F9C0B080035C4B3 /* Build configuration list for PBXNativeTarget "practiceGL2" */ = {
			isa = XCConfigurationList;
			buildConfigurations = (
				521A32AD1F9C0B080035C4B3 /* Debug */,
				521A32AE1F9C0B080035C4B3 /* Release */,
			);
			defaultConfigurationIsVisible = 0;
			defaultConfigurationName = Release;
		};
/* End XCConfigurationList section */
	};
	rootObject = 521A329D1F9C0B080035C4B3 /* Project object */;
}
